
Microsoft Visual Studio Solution File, Format Version 12.00
# Visual Studio 15
VisualStudioVersion = 15.0.27130.2010
MinimumVisualStudioVersion = 10.0.40219.1
Project("{FAE04EC0-301F-11D3-BF4B-00C04F79EFBC}") = "Auction.DAL", "Auction.DAL\Auction.DAL.csproj", "{3F90A243-65A7-4D92-BB2E-FFF3CCA35B58}"
EndProject
Project("{FAE04EC0-301F-11D3-BF4B-00C04F79EFBC}") = "Auction.BLL", "Auction.BLL\Auction.BLL.csproj", "{7C6C243B-E27E-4261-857D-BC2D26ECA6FF}"
EndProject
Project("{FAE04EC0-301F-11D3-BF4B-00C04F79EFBC}") = "Auction.Test", "Auction.Test\Auction.Test.csproj", "{0A14D3E7-633B-493F-A9E4-E9FC126110C7}"
EndProject
Project("{FAE04EC0-301F-11D3-BF4B-00C04F79EFBC}") = "Auction.Web", "Auction.Web\Auction.Web.csproj", "{1C12D8A7-B728-4D45-BDF4-CCD3CF11CEBF}"
EndProject
Project("{2150E333-8FDC-42A3-9474-1A3956D46DE8}") = "Solution Items", "Solution Items", "{71D1C152-CE83-4594-8024-8B5E6D781915}"
	ProjectSection(SolutionItems) = preProject
		IndexTEst.sql = IndexTEst.sql
	EndProjectSection
EndProject
Global
	GlobalSection(SolutionConfigurationPlatforms) = preSolution
		Debug|Any CPU = Debug|Any CPU
		Release|Any CPU = Release|Any CPU
	EndGlobalSection
	GlobalSection(ProjectConfigurationPlatforms) = postSolution
		{3F90A243-65A7-4D92-BB2E-FFF3CCA35B58}.Debug|Any CPU.ActiveCfg = Debug|Any CPU
		{3F90A243-65A7-4D92-BB2E-FFF3CCA35B58}.Debug|Any CPU.Build.0 = Debug|Any CPU
		{3F90A243-65A7-4D92-BB2E-FFF3CCA35B58}.Release|Any CPU.ActiveCfg = Release|Any CPU
		{3F90A243-65A7-4D92-BB2E-FFF3CCA35B58}.Release|Any CPU.Build.0 = Release|Any CPU
		{7C6C243B-E27E-4261-857D-BC2D26ECA6FF}.Debug|Any CPU.ActiveCfg = Debug|Any CPU
		{7C6C243B-E27E-4261-857D-BC2D26ECA6FF}.Debug|Any CPU.Build.0 = Debug|Any CPU
		{7C6C243B-E27E-4261-857D-BC2D26ECA6FF}.Release|Any CPU.ActiveCfg = Release|Any CPU
		{7C6C243B-E27E-4261-857D-BC2D26ECA6FF}.Release|Any CPU.Build.0 = Release|Any CPU
		{0A14D3E7-633B-493F-A9E4-E9FC126110C7}.Debug|Any CPU.ActiveCfg = Debug|Any CPU
		{0A14D3E7-633B-493F-A9E4-E9FC126110C7}.Debug|Any CPU.Build.0 = Debug|Any CPU
		{0A14D3E7-633B-493F-A9E4-E9FC126110C7}.Release|Any CPU.ActiveCfg = Release|Any CPU
		{0A14D3E7-633B-493F-A9E4-E9FC126110C7}.Release|Any CPU.Build.0 = Release|Any CPU
		{1C12D8A7-B728-4D45-BDF4-CCD3CF11CEBF}.Debug|Any CPU.ActiveCfg = Debug|Any CPU
		{1C12D8A7-B728-4D45-BDF4-CCD3CF11CEBF}.Debug|Any CPU.Build.0 = Debug|Any CPU
		{1C12D8A7-B728-4D45-BDF4-CCD3CF11CEBF}.Release|Any CPU.ActiveCfg = Release|Any CPU
		{1C12D8A7-B728-4D45-BDF4-CCD3CF11CEBF}.Release|Any CPU.Build.0 = Release|Any CPU
	EndGlobalSection
	GlobalSection(SolutionProperties) = preSolution
		HideSolutionNode = FALSE
	EndGlobalSection
	GlobalSection(ExtensibilityGlobals) = postSolution
		SolutionGuid = {9CD889FC-6F3F-4C23-A4A1-63C9193E8CD2}
	EndGlobalSection
EndGlobal
