
Microsoft Visual Studio Solution File, Format Version 12.00
# Visual Studio 15
VisualStudioVersion = 15.0.27130.2010
MinimumVisualStudioVersion = 10.0.40219.1
Project("{FAE04EC0-301F-11D3-BF4B-00C04F79EFBC}") = "Auction.Web", "Web\Auction.Web.csproj", "{F572CC45-15F5-4E29-A271-D850812833EC}"
EndProject
Project("{FAE04EC0-301F-11D3-BF4B-00C04F79EFBC}") = "Auction.DAL", "Auction.DAL\Auction.DAL.csproj", "{3F90A243-65A7-4D92-BB2E-FFF3CCA35B58}"
EndProject
Project("{FAE04EC0-301F-11D3-BF4B-00C04F79EFBC}") = "Auction.BLL", "Auction.BLL\Auction.BLL.csproj", "{7C6C243B-E27E-4261-857D-BC2D26ECA6FF}"
EndProject
Project("{FAE04EC0-301F-11D3-BF4B-00C04F79EFBC}") = "Auction.Test", "Auction.Test\Auction.Test.csproj", "{0A14D3E7-633B-493F-A9E4-E9FC126110C7}"
EndProject
Global
	GlobalSection(SolutionConfigurationPlatforms) = preSolution
		Debug|Any CPU = Debug|Any CPU
		Release|Any CPU = Release|Any CPU
	EndGlobalSection
	GlobalSection(ProjectConfigurationPlatforms) = postSolution
		{F572CC45-15F5-4E29-A271-D850812833EC}.Debug|Any CPU.ActiveCfg = Debug|Any CPU
		{F572CC45-15F5-4E29-A271-D850812833EC}.Debug|Any CPU.Build.0 = Debug|Any CPU
		{F572CC45-15F5-4E29-A271-D850812833EC}.Release|Any CPU.ActiveCfg = Release|Any CPU
		{F572CC45-15F5-4E29-A271-D850812833EC}.Release|Any CPU.Build.0 = Release|Any CPU
		{3F90A243-65A7-4D92-BB2E-FFF3CCA35B58}.Debug|Any CPU.ActiveCfg = Debug|Any CPU
		{3F90A243-65A7-4D92-BB2E-FFF3CCA35B58}.Debug|Any CPU.Build.0 = Debug|Any CPU
		{3F90A243-65A7-4D92-BB2E-FFF3CCA35B58}.Release|Any CPU.ActiveCfg = Release|Any CPU
		{3F90A243-65A7-4D92-BB2E-FFF3CCA35B58}.Release|Any CPU.Build.0 = Release|Any CPU
		{7C6C243B-E27E-4261-857D-BC2D26ECA6FF}.Debug|Any CPU.ActiveCfg = Debug|Any CPU
		{7C6C243B-E27E-4261-857D-BC2D26ECA6FF}.Debug|Any CPU.Build.0 = Debug|Any CPU
		{7C6C243B-E27E-4261-857D-BC2D26ECA6FF}.Release|Any CPU.ActiveCfg = Release|Any CPU
		{7C6C243B-E27E-4261-857D-BC2D26ECA6FF}.Release|Any CPU.Build.0 = Release|Any CPU
		{0A14D3E7-633B-493F-A9E4-E9FC126110C7}.Debug|Any CPU.ActiveCfg = Debug|Any CPU
		{0A14D3E7-633B-493F-A9E4-E9FC126110C7}.Debug|Any CPU.Build.0 = Debug|Any CPU
		{0A14D3E7-633B-493F-A9E4-E9FC126110C7}.Release|Any CPU.ActiveCfg = Release|Any CPU
		{0A14D3E7-633B-493F-A9E4-E9FC126110C7}.Release|Any CPU.Build.0 = Release|Any CPU
	EndGlobalSection
	GlobalSection(SolutionProperties) = preSolution
		HideSolutionNode = FALSE
	EndGlobalSection
	GlobalSection(ExtensibilityGlobals) = postSolution
		SolutionGuid = {9CD889FC-6F3F-4C23-A4A1-63C9193E8CD2}
	EndGlobalSection
EndGlobal
